
Microsoft Visual Studio Solution File, Format Version 12.00
# Visual Studio Version 16
VisualStudioVersion = 16.0.33423.256
MinimumVisualStudioVersion = 10.0.40219.1
Project("{888888A0-9F3D-457C-B088-3A5042F75D52}") = "Bookland", "Bookland.pyproj", "{4666816A-C915-441A-8347-6562E66580BE}"
EndProject
Global
	GlobalSection(SolutionConfigurationPlatforms) = preSolution
		Debug|Any CPU = Debug|Any CPU
		Release|Any CPU = Release|Any CPU
	EndGlobalSection
	GlobalSection(ProjectConfigurationPlatforms) = postSolution
		{4666816A-C915-441A-8347-6562E66580BE}.Debug|Any CPU.ActiveCfg = Debug|Any CPU
		{4666816A-C915-441A-8347-6562E66580BE}.Debug|Any CPU.Build.0 = Debug|Any CPU
		{4666816A-C915-441A-8347-6562E66580BE}.Release|Any CPU.ActiveCfg = Release|Any CPU
		{4666816A-C915-441A-8347-6562E66580BE}.Release|Any CPU.Build.0 = Release|Any CPU
	EndGlobalSection
	GlobalSection(SolutionProperties) = preSolution
		HideSolutionNode = FALSE
	EndGlobalSection
	GlobalSection(ExtensibilityGlobals) = postSolution
		SolutionGuid = {6FC8F5B1-7A2D-41B9-B69A-C48A553B0653}
	EndGlobalSection
EndGlobal
